
Microsoft Visual Studio Solution File, Format Version 12.00
# Visual Studio 15
VisualStudioVersion = 15.0.28307.421
MinimumVisualStudioVersion = 10.0.40219.1
Project("{FAE04EC0-301F-11D3-BF4B-00C04F79EFBC}") = "Lab1", "Lab1\Lab1.csproj", "{E2D99499-E8A0-44A9-B3AA-CDA84520B889}"
EndProject
Project("{FAE04EC0-301F-11D3-BF4B-00C04F79EFBC}") = "Lab1.CLI", "Lab1.CLI\Lab1.CLI.csproj", "{3EDADEC8-AC4C-4E22-89E7-9279E94BEE78}"
EndProject
Global
	GlobalSection(SolutionConfigurationPlatforms) = preSolution
		Debug|Any CPU = Debug|Any CPU
		Release|Any CPU = Release|Any CPU
	EndGlobalSection
	GlobalSection(ProjectConfigurationPlatforms) = postSolution
		{E2D99499-E8A0-44A9-B3AA-CDA84520B889}.Debug|Any CPU.ActiveCfg = Debug|Any CPU
		{E2D99499-E8A0-44A9-B3AA-CDA84520B889}.Debug|Any CPU.Build.0 = Debug|Any CPU
		{E2D99499-E8A0-44A9-B3AA-CDA84520B889}.Release|Any CPU.ActiveCfg = Release|Any CPU
		{E2D99499-E8A0-44A9-B3AA-CDA84520B889}.Release|Any CPU.Build.0 = Release|Any CPU
		{3EDADEC8-AC4C-4E22-89E7-9279E94BEE78}.Debug|Any CPU.ActiveCfg = Debug|Any CPU
		{3EDADEC8-AC4C-4E22-89E7-9279E94BEE78}.Debug|Any CPU.Build.0 = Debug|Any CPU
		{3EDADEC8-AC4C-4E22-89E7-9279E94BEE78}.Release|Any CPU.ActiveCfg = Release|Any CPU
		{3EDADEC8-AC4C-4E22-89E7-9279E94BEE78}.Release|Any CPU.Build.0 = Release|Any CPU
	EndGlobalSection
	GlobalSection(SolutionProperties) = preSolution
		HideSolutionNode = FALSE
	EndGlobalSection
	GlobalSection(ExtensibilityGlobals) = postSolution
		SolutionGuid = {5D2A9B9C-FAB6-417F-AE9D-CC147148FEE2}
	EndGlobalSection
EndGlobal
